// !$*UTF8*$!
{
	archiveVersion = 1;
	classes = {
	};
	objectVersion = 46;
	objects = {

/* Begin PBXBuildFile section */
		AE28D6E51EC0AB9800E886B9 /* StringExtension.swift in Sources */ = {isa = PBXBuildFile; fileRef = AE28D6E41EC0AB9800E886B9 /* StringExtension.swift */; };
		AE909BEB1EB54099009D9D95 /* MessageTableViewCell.swift in Sources */ = {isa = PBXBuildFile; fileRef = AE909BEA1EB54099009D9D95 /* MessageTableViewCell.swift */; };
		AE909BED1EB54B13009D9D95 /* Message.swift in Sources */ = {isa = PBXBuildFile; fileRef = AE909BEC1EB54B13009D9D95 /* Message.swift */; };
		AE909BEF1EB54C4B009D9D95 /* Label.swift in Sources */ = {isa = PBXBuildFile; fileRef = AE909BEE1EB54C4B009D9D95 /* Label.swift */; };
		AE909BF11EB63FDB009D9D95 /* MessageInputView.swift in Sources */ = {isa = PBXBuildFile; fileRef = AE909BF01EB63FDB009D9D95 /* MessageInputView.swift */; };
		AEA5A1771EC3618C0041C7B4 /* Layouts.swift in Sources */ = {isa = PBXBuildFile; fileRef = AEA5A1761EC3618C0041C7B4 /* Layouts.swift */; };
		AEA5A1791EC362150041C7B4 /* ChatRoomViewController+Table.swift in Sources */ = {isa = PBXBuildFile; fileRef = AEA5A1781EC362150041C7B4 /* ChatRoomViewController+Table.swift */; };
		AEC6BF3F1EAF320E007CA6E5 /* AppDelegate.swift in Sources */ = {isa = PBXBuildFile; fileRef = AEC6BF3E1EAF320E007CA6E5 /* AppDelegate.swift */; };
		AEC6BF411EAF320E007CA6E5 /* JoinChatViewController.swift in Sources */ = {isa = PBXBuildFile; fileRef = AEC6BF401EAF320E007CA6E5 /* JoinChatViewController.swift */; };
		AEC6BF461EAF320E007CA6E5 /* Assets.xcassets in Resources */ = {isa = PBXBuildFile; fileRef = AEC6BF451EAF320E007CA6E5 /* Assets.xcassets */; };
		AEC6BF491EAF320E007CA6E5 /* LaunchScreen.storyboard in Resources */ = {isa = PBXBuildFile; fileRef = AEC6BF471EAF320E007CA6E5 /* LaunchScreen.storyboard */; };
		AEC6BF511EAF345A007CA6E5 /* ChatRoomViewController.swift in Sources */ = {isa = PBXBuildFile; fileRef = AEC6BF501EAF345A007CA6E5 /* ChatRoomViewController.swift */; };
		AEFEAA511EAF37BC00889E76 /* Inconsolata-Bold.ttf in Resources */ = {isa = PBXBuildFile; fileRef = AEFEAA4F1EAF37BC00889E76 /* Inconsolata-Bold.ttf */; };
		AEFEAA521EAF37BC00889E76 /* Inconsolata-Regular.ttf in Resources */ = {isa = PBXBuildFile; fileRef = AEFEAA501EAF37BC00889E76 /* Inconsolata-Regular.ttf */; };
/* End PBXBuildFile section */

/* Begin PBXFileReference section */
		AE28D6E41EC0AB9800E886B9 /* StringExtension.swift */ = {isa = PBXFileReference; fileEncoding = 4; lastKnownFileType = sourcecode.swift; path = StringExtension.swift; sourceTree = "<group>"; };
		AE909BEA1EB54099009D9D95 /* MessageTableViewCell.swift */ = {isa = PBXFileReference; fileEncoding = 4; lastKnownFileType = sourcecode.swift; path = MessageTableViewCell.swift; sourceTree = "<group>"; };
		AE909BEC1EB54B13009D9D95 /* Message.swift */ = {isa = PBXFileReference; fileEncoding = 4; lastKnownFileType = sourcecode.swift; path = Message.swift; sourceTree = "<group>"; };
		AE909BEE1EB54C4B009D9D95 /* Label.swift */ = {isa = PBXFileReference; fileEncoding = 4; lastKnownFileType = sourcecode.swift; path = Label.swift; sourceTree = "<group>"; };
		AE909BF01EB63FDB009D9D95 /* MessageInputView.swift */ = {isa = PBXFileReference; fileEncoding = 4; lastKnownFileType = sourcecode.swift; path = MessageInputView.swift; sourceTree = "<group>"; };
		AEA5A1761EC3618C0041C7B4 /* Layouts.swift */ = {isa = PBXFileReference; fileEncoding = 4; lastKnownFileType = sourcecode.swift; path = Layouts.swift; sourceTree = "<group>"; };
		AEA5A1781EC362150041C7B4 /* ChatRoomViewController+Table.swift */ = {isa = PBXFileReference; fileEncoding = 4; lastKnownFileType = sourcecode.swift; path = "ChatRoomViewController+Table.swift"; sourceTree = "<group>"; };
		AEC6BF3B1EAF320E007CA6E5 /* DogeChat.app */ = {isa = PBXFileReference; explicitFileType = wrapper.application; includeInIndex = 0; path = DogeChat.app; sourceTree = BUILT_PRODUCTS_DIR; };
		AEC6BF3E1EAF320E007CA6E5 /* AppDelegate.swift */ = {isa = PBXFileReference; lastKnownFileType = sourcecode.swift; path = AppDelegate.swift; sourceTree = "<group>"; };
		AEC6BF401EAF320E007CA6E5 /* JoinChatViewController.swift */ = {isa = PBXFileReference; lastKnownFileType = sourcecode.swift; path = JoinChatViewController.swift; sourceTree = "<group>"; };
		AEC6BF451EAF320E007CA6E5 /* Assets.xcassets */ = {isa = PBXFileReference; lastKnownFileType = folder.assetcatalog; path = Assets.xcassets; sourceTree = "<group>"; };
		AEC6BF481EAF320E007CA6E5 /* Base */ = {isa = PBXFileReference; lastKnownFileType = file.storyboard; name = Base; path = Base.lproj/LaunchScreen.storyboard; sourceTree = "<group>"; };
		AEC6BF4A1EAF320E007CA6E5 /* Info.plist */ = {isa = PBXFileReference; lastKnownFileType = text.plist.xml; path = Info.plist; sourceTree = "<group>"; };
		AEC6BF501EAF345A007CA6E5 /* ChatRoomViewController.swift */ = {isa = PBXFileReference; fileEncoding = 4; lastKnownFileType = sourcecode.swift; path = ChatRoomViewController.swift; sourceTree = "<group>"; };
		AEFEAA4F1EAF37BC00889E76 /* Inconsolata-Bold.ttf */ = {isa = PBXFileReference; lastKnownFileType = file; path = "Inconsolata-Bold.ttf"; sourceTree = "<group>"; };
		AEFEAA501EAF37BC00889E76 /* Inconsolata-Regular.ttf */ = {isa = PBXFileReference; lastKnownFileType = file; path = "Inconsolata-Regular.ttf"; sourceTree = "<group>"; };
/* End PBXFileReference section */

/* Begin PBXFrameworksBuildPhase section */
		AEC6BF381EAF320E007CA6E5 /* Frameworks */ = {
			isa = PBXFrameworksBuildPhase;
			buildActionMask = 2147483647;
			files = (
			);
			runOnlyForDeploymentPostprocessing = 0;
		};
/* End PBXFrameworksBuildPhase section */

/* Begin PBXGroup section */
		AE909BF21EB6C34B009D9D95 /* Other Stuff */ = {
			isa = PBXGroup;
			children = (
				AEC6BF3E1EAF320E007CA6E5 /* AppDelegate.swift */,
				AEC6BF401EAF320E007CA6E5 /* JoinChatViewController.swift */,
				AE909BEA1EB54099009D9D95 /* MessageTableViewCell.swift */,
				AE909BF01EB63FDB009D9D95 /* MessageInputView.swift */,
				AE909BEE1EB54C4B009D9D95 /* Label.swift */,
				AE909BEC1EB54B13009D9D95 /* Message.swift */,
				AEA5A17A1EC3641C0041C7B4 /* Extensions */,
			);
			name = "Other Stuff";
			sourceTree = "<group>";
		};
		AEA5A17A1EC3641C0041C7B4 /* Extensions */ = {
			isa = PBXGroup;
			children = (
				AE28D6E41EC0AB9800E886B9 /* StringExtension.swift */,
				AEA5A1781EC362150041C7B4 /* ChatRoomViewController+Table.swift */,
				AEA5A1761EC3618C0041C7B4 /* Layouts.swift */,
			);
			name = Extensions;
			sourceTree = "<group>";
		};
		AEC6BF321EAF320E007CA6E5 = {
			isa = PBXGroup;
			children = (
				AEC6BF3D1EAF320E007CA6E5 /* DogeChat */,
				AEC6BF3C1EAF320E007CA6E5 /* Products */,
			);
			sourceTree = "<group>";
		};
		AEC6BF3C1EAF320E007CA6E5 /* Products */ = {
			isa = PBXGroup;
			children = (
				AEC6BF3B1EAF320E007CA6E5 /* DogeChat.app */,
			);
			name = Products;
			sourceTree = "<group>";
		};
		AEC6BF3D1EAF320E007CA6E5 /* DogeChat */ = {
			isa = PBXGroup;
			children = (
				AEC6BF501EAF345A007CA6E5 /* ChatRoomViewController.swift */,
				AE909BF21EB6C34B009D9D95 /* Other Stuff */,
				AEC6BF451EAF320E007CA6E5 /* Assets.xcassets */,
				AEC6BF471EAF320E007CA6E5 /* LaunchScreen.storyboard */,
				AEC6BF4A1EAF320E007CA6E5 /* Info.plist */,
				AEFEAA4F1EAF37BC00889E76 /* Inconsolata-Bold.ttf */,
				AEFEAA501EAF37BC00889E76 /* Inconsolata-Regular.ttf */,
			);
			path = DogeChat;
			sourceTree = "<group>";
		};
/* End PBXGroup section */

/* Begin PBXNativeTarget section */
		AEC6BF3A1EAF320E007CA6E5 /* DogeChat */ = {
			isa = PBXNativeTarget;
			buildConfigurationList = AEC6BF4D1EAF320E007CA6E5 /* Build configuration list for PBXNativeTarget "DogeChat" */;
			buildPhases = (
				AEC6BF371EAF320E007CA6E5 /* Sources */,
				AEC6BF381EAF320E007CA6E5 /* Frameworks */,
				AEC6BF391EAF320E007CA6E5 /* Resources */,
			);
			buildRules = (
			);
			dependencies = (
			);
			name = DogeChat;
			productName = DogeChat;
			productReference = AEC6BF3B1EAF320E007CA6E5 /* DogeChat.app */;
			productType = "com.apple.product-type.application";
		};
/* End PBXNativeTarget section */

/* Begin PBXProject section */
		AEC6BF331EAF320E007CA6E5 /* Project object */ = {
			isa = PBXProject;
			attributes = {
				LastSwiftUpdateCheck = 0830;
				LastUpgradeCheck = 0830;
				ORGANIZATIONNAME = "Luke Parham";
				TargetAttributes = {
					AEC6BF3A1EAF320E007CA6E5 = {
						CreatedOnToolsVersion = 8.3.1;
						ProvisioningStyle = Manual;
					};
				};
			};
			buildConfigurationList = AEC6BF361EAF320E007CA6E5 /* Build configuration list for PBXProject "DogeChat" */;
			compatibilityVersion = "Xcode 3.2";
			developmentRegion = English;
			hasScannedForEncodings = 0;
			knownRegions = (
				en,
				Base,
			);
			mainGroup = AEC6BF321EAF320E007CA6E5;
			productRefGroup = AEC6BF3C1EAF320E007CA6E5 /* Products */;
			projectDirPath = "";
			projectRoot = "";
			targets = (
				AEC6BF3A1EAF320E007CA6E5 /* DogeChat */,
			);
		};
/* End PBXProject section */

/* Begin PBXResourcesBuildPhase section */
		AEC6BF391EAF320E007CA6E5 /* Resources */ = {
			isa = PBXResourcesBuildPhase;
			buildActionMask = 2147483647;
			files = (
				AEC6BF491EAF320E007CA6E5 /* LaunchScreen.storyboard in Resources */,
				AEFEAA521EAF37BC00889E76 /* Inconsolata-Regular.ttf in Resources */,
				AEFEAA511EAF37BC00889E76 /* Inconsolata-Bold.ttf in Resources */,
				AEC6BF461EAF320E007CA6E5 /* Assets.xcassets in Resources */,
			);
			runOnlyForDeploymentPostprocessing = 0;
		};
/* End PBXResourcesBuildPhase section */

/* Begin PBXSourcesBuildPhase section */
		AEC6BF371EAF320E007CA6E5 /* Sources */ = {
			isa = PBXSourcesBuildPhase;
			buildActionMask = 2147483647;
			files = (
				AEC6BF411EAF320E007CA6E5 /* JoinChatViewController.swift in Sources */,
				AE909BF11EB63FDB009D9D95 /* MessageInputView.swift in Sources */,
				AE909BEB1EB54099009D9D95 /* MessageTableViewCell.swift in Sources */,
				AE909BEF1EB54C4B009D9D95 /* Label.swift in Sources */,
				AE909BED1EB54B13009D9D95 /* Message.swift in Sources */,
				AE28D6E51EC0AB9800E886B9 /* StringExtension.swift in Sources */,
				AEC6BF3F1EAF320E007CA6E5 /* AppDelegate.swift in Sources */,
				AEA5A1771EC3618C0041C7B4 /* Layouts.swift in Sources */,
				AEC6BF511EAF345A007CA6E5 /* ChatRoomViewController.swift in Sources */,
				AEA5A1791EC362150041C7B4 /* ChatRoomViewController+Table.swift in Sources */,
			);
			runOnlyForDeploymentPostprocessing = 0;
		};
/* End PBXSourcesBuildPhase section */

/* Begin PBXVariantGroup section */
		AEC6BF471EAF320E007CA6E5 /* LaunchScreen.storyboard */ = {
			isa = PBXVariantGroup;
			children = (
				AEC6BF481EAF320E007CA6E5 /* Base */,
			);
			name = LaunchScreen.storyboard;
			sourceTree = "<group>";
		};
/* End PBXVariantGroup section */

/* Begin XCBuildConfiguration section */
		AEC6BF4B1EAF320E007CA6E5 /* Debug */ = {
			isa = XCBuildConfiguration;
			buildSettings = {
				ALWAYS_SEARCH_USER_PATHS = NO;
				CLANG_ANALYZER_NONNULL = YES;
				CLANG_ANALYZER_NUMBER_OBJECT_CONVERSION = YES_AGGRESSIVE;
				CLANG_CXX_LANGUAGE_STANDARD = "gnu++0x";
				CLANG_CXX_LIBRARY = "libc++";
				CLANG_ENABLE_MODULES = YES;
				CLANG_ENABLE_OBJC_ARC = YES;
				CLANG_WARN_BOOL_CONVERSION = YES;
				CLANG_WARN_CONSTANT_CONVERSION = YES;
				CLANG_WARN_DIRECT_OBJC_ISA_USAGE = YES_ERROR;
				CLANG_WARN_DOCUMENTATION_COMMENTS = YES;
				CLANG_WARN_EMPTY_BODY = YES;
				CLANG_WARN_ENUM_CONVERSION = YES;
				CLANG_WARN_INFINITE_RECURSION = YES;
				CLANG_WARN_INT_CONVERSION = YES;
				CLANG_WARN_OBJC_ROOT_CLASS = YES_ERROR;
				CLANG_WARN_SUSPICIOUS_MOVE = YES;
				CLANG_WARN_UNREACHABLE_CODE = YES;
				CLANG_WARN__DUPLICATE_METHOD_MATCH = YES;
				"CODE_SIGN_IDENTITY[sdk=iphoneos*]" = "iPhone Developer";
				COPY_PHASE_STRIP = NO;
				DEBUG_INFORMATION_FORMAT = dwarf;
				ENABLE_STRICT_OBJC_MSGSEND = YES;
				ENABLE_TESTABILITY = YES;
				GCC_C_LANGUAGE_STANDARD = gnu99;
				GCC_DYNAMIC_NO_PIC = NO;
				GCC_NO_COMMON_BLOCKS = YES;
				GCC_OPTIMIZATION_LEVEL = 0;
				GCC_PREPROCESSOR_DEFINITIONS = (
					"DEBUG=1",
					"$(inherited)",
				);
				GCC_WARN_64_TO_32_BIT_CONVERSION = YES;
				GCC_WARN_ABOUT_RETURN_TYPE = YES_ERROR;
				GCC_WARN_UNDECLARED_SELECTOR = YES;
				GCC_WARN_UNINITIALIZED_AUTOS = YES_AGGRESSIVE;
				GCC_WARN_UNUSED_FUNCTION = YES;
				GCC_WARN_UNUSED_VARIABLE = YES;
				IPHONEOS_DEPLOYMENT_TARGET = 10.3;
				MTL_ENABLE_DEBUG_INFO = YES;
				ONLY_ACTIVE_ARCH = YES;
				SDKROOT = iphoneos;
				SWIFT_ACTIVE_COMPILATION_CONDITIONS = DEBUG;
				SWIFT_OPTIMIZATION_LEVEL = "-Onone";
			};
			name = Debug;
		};
		AEC6BF4C1EAF320E007CA6E5 /* Release */ = {
			isa = XCBuildConfiguration;
			buildSettings = {
				ALWAYS_SEARCH_USER_PATHS = NO;
				CLANG_ANALYZER_NONNULL = YES;
				CLANG_ANALYZER_NUMBER_OBJECT_CONVERSION = YES_AGGRESSIVE;
				CLANG_CXX_LANGUAGE_STANDARD = "gnu++0x";
				CLANG_CXX_LIBRARY = "libc++";
				CLANG_ENABLE_MODULES = YES;
				CLANG_ENABLE_OBJC_ARC = YES;
				CLANG_WARN_BOOL_CONVERSION = YES;
				CLANG_WARN_CONSTANT_CONVERSION = YES;
				CLANG_WARN_DIRECT_OBJC_ISA_USAGE = YES_ERROR;
				CLANG_WARN_DOCUMENTATION_COMMENTS = YES;
				CLANG_WARN_EMPTY_BODY = YES;
				CLANG_WARN_ENUM_CONVERSION = YES;
				CLANG_WARN_INFINITE_RECURSION = YES;
				CLANG_WARN_INT_CONVERSION = YES;
				CLANG_WARN_OBJC_ROOT_CLASS = YES_ERROR;
				CLANG_WARN_SUSPICIOUS_MOVE = YES;
				CLANG_WARN_UNREACHABLE_CODE = YES;
				CLANG_WARN__DUPLICATE_METHOD_MATCH = YES;
				"CODE_SIGN_IDENTITY[sdk=iphoneos*]" = "iPhone Developer";
				COPY_PHASE_STRIP = NO;
				DEBUG_INFORMATION_FORMAT = "dwarf-with-dsym";
				ENABLE_NS_ASSERTIONS = NO;
				ENABLE_STRICT_OBJC_MSGSEND = YES;
				GCC_C_LANGUAGE_STANDARD = gnu99;
				GCC_NO_COMMON_BLOCKS = YES;
				GCC_WARN_64_TO_32_BIT_CONVERSION = YES;
				GCC_WARN_ABOUT_RETURN_TYPE = YES_ERROR;
				GCC_WARN_UNDECLARED_SELECTOR = YES;
				GCC_WARN_UNINITIALIZED_AUTOS = YES_AGGRESSIVE;
				GCC_WARN_UNUSED_FUNCTION = YES;
				GCC_WARN_UNUSED_VARIABLE = YES;
				IPHONEOS_DEPLOYMENT_TARGET = 10.3;
				MTL_ENABLE_DEBUG_INFO = NO;
				SDKROOT = iphoneos;
				SWIFT_OPTIMIZATION_LEVEL = "-Owholemodule";
				VALIDATE_PRODUCT = YES;
			};
			name = Release;
		};
		AEC6BF4E1EAF320E007CA6E5 /* Debug */ = {
			isa = XCBuildConfiguration;
			buildSettings = {
				ASSETCATALOG_COMPILER_APPICON_NAME = AppIcon;
				"CODE_SIGN_IDENTITY[sdk=iphoneos*]" = "iPhone Developer";
				DEVELOPMENT_TEAM = "";
				INFOPLIST_FILE = DogeChat/Info.plist;
				LD_RUNPATH_SEARCH_PATHS = "$(inherited) @executable_path/Frameworks";
				PRODUCT_BUNDLE_IDENTIFIER = com.RazeWare.DogeChat;
				PRODUCT_NAME = "$(TARGET_NAME)";
				PROVISIONING_PROFILE_SPECIFIER = "";
				SWIFT_VERSION = 3.0;
			};
			name = Debug;
		};
		AEC6BF4F1EAF320E007CA6E5 /* Release */ = {
			isa = XCBuildConfiguration;
			buildSettings = {
				ASSETCATALOG_COMPILER_APPICON_NAME = AppIcon;
				"CODE_SIGN_IDENTITY[sdk=iphoneos*]" = "iPhone Developer";
				DEVELOPMENT_TEAM = "";
				INFOPLIST_FILE = DogeChat/Info.plist;
				LD_RUNPATH_SEARCH_PATHS = "$(inherited) @executable_path/Frameworks";
				PRODUCT_BUNDLE_IDENTIFIER = com.RazeWare.DogeChat;
				PRODUCT_NAME = "$(TARGET_NAME)";
				PROVISIONING_PROFILE_SPECIFIER = "";
				SWIFT_VERSION = 3.0;
			};
			name = Release;
		};
/* End XCBuildConfiguration section */

/* Begin XCConfigurationList section */
		AEC6BF361EAF320E007CA6E5 /* Build configuration list for PBXProject "DogeChat" */ = {
			isa = XCConfigurationList;
			buildConfigurations = (
				AEC6BF4B1EAF320E007CA6E5 /* Debug */,
				AEC6BF4C1EAF320E007CA6E5 /* Release */,
			);
			defaultConfigurationIsVisible = 0;
			defaultConfigurationName = Release;
		};
		AEC6BF4D1EAF320E007CA6E5 /* Build configuration list for PBXNativeTarget "DogeChat" */ = {
			isa = XCConfigurationList;
			buildConfigurations = (
				AEC6BF4E1EAF320E007CA6E5 /* Debug */,
				AEC6BF4F1EAF320E007CA6E5 /* Release */,
			);
			defaultConfigurationIsVisible = 0;
			defaultConfigurationName = Release;
		};
/* End XCConfigurationList section */
	};
	rootObject = AEC6BF331EAF320E007CA6E5 /* Project object */;
}
